version: 1
checksums:
  b6d72017cf0e27d742d782ad368fe4c1:
    common/acceptAll: a1cab3c70bbe456bf40aa1db342d05f8
    common/rejectAll: 75dbcc974e4267715641c2a030e08d65
    common/customize: d5df7bb9f0a1fa3cae4dca3542ea9605
    common/save: f2544949a0b9a0769b1816abfeb81c9a
    cookieBanner/title: 03f8b2d914fc7c9f96ed6bdcb0a44a0c
    cookieBanner/description: d8b88b7c7aa64ab514f2b9481fe7e0cf
    consentManagerDialog/title: 8fbefcf9042bf96fda01a09a7208bab2
    consentManagerDialog/description: 7e99208c21cef3d601368e658c8f993d
    consentTypes/necessary/title: b0a53566f6d2cf10e7e203d6fe0f5443
    consentTypes/necessary/description: 233df0f67576a54cbeb97a9a9832b444
    consentTypes/functionality/title: 3f809ed66685e778e381fea183ebb3c4
    consentTypes/functionality/description: 9564b9c1834ff4af9988aa01bc7888df
    consentTypes/marketing/title: fcf0f06f8b64b458c7ca6d95541a3cc8
    consentTypes/marketing/description: 84471340e27169ca16df6a80a18150ef
    consentTypes/measurement/title: ec67586974cc78f25959d47bb36683a7
    consentTypes/measurement/description: cba097cf77f659354bef6dff3fada8d7
    consentTypes/experience/title: c3e0d278cfa1c14e9477e3d5c8c39ce0
    consentTypes/experience/description: ab3fe5aee1c9d05d34cea7589787fdf0
    frame/title: 2a3f95beec45121216ccac3f336775d0
    frame/actionButton: e756aa612a5de07bd3d32f7b9e0cfdde
