c15t:release:
  - branch: v3
    id: npm:@c15t/tanstack-start
    version: 3.0.0-alpha.9
  - branch: v3
    id: npm:@c15t/integrations
    version: 3.0.0-alpha.8
  - branch: v3
    id: npm:@c15t/dev-tools
    version: 3.0.0-alpha.9
  - branch: v3
    id: npm:@c15t/backend
    version: 3.0.0-alpha.9
  - branch: v3
    id: npm:@c15t/astro
    version: 3.0.0-alpha.9
  - branch: v3
    id: npm:@c15t/ui
    version: 3.0.0-alpha.9
  - branch: v3
    id: npm:@c15t/browser
    version: 3.0.0-alpha.9
  - branch: v3
    id: npm:@c15t/iab
    version: 3.0.0-alpha.9
  - branch: v3
    id: npm:@c15t/vue
    version: 3.0.0-alpha.9
  - branch: v3
    id: npm:@c15t/logger
    version: 3.0.0-alpha.1
  - branch: v3
    id: npm:c15t
    version: 3.0.0-alpha.9
  - branch: v3
    id: npm:@c15t/nextjs
    version: 3.0.0-alpha.9
  - branch: v3
    id: npm:@c15t/schema
    version: 3.0.0-alpha.7
  - branch: v3
    id: npm:@c15t/react
    version: 3.0.0-alpha.9
  - branch: v3
    id: npm:@c15t/cli
    version: 3.0.0-alpha.9
  - branch: v3
    id: npm:@c15t/core
    version: 3.0.0-alpha.9
  - branch: v3
    id: npm:@c15t/translations
    version: 3.0.0-alpha.6
  - branch: v3
    id: npm:@c15t/scripts
    version: 3.0.0-alpha.8
  - branch: v3
    id: npm:@c15t/svelte
    version: 3.0.0-alpha.9
  - branch: v3
    id: npm:@c15t/node-sdk
    version: 3.0.0-alpha.8
core:changelogs:
  - content: "---\npackages:\n  \"@c15t/core\":\n    type: minor\n  \"@c15t/integrations\":\n    type: minor\n---\n\n### List integration vendors in the preference dialog\n\n`@c15t/integrations` helpers now set `vendorDetails` (name and privacy policy)\non their scripts, so the dialog gives each vendor its own switch without a\n`vendors` declaration. A vendor declared in `vendors` or by the backend still\nreplaces these details.\n"
    filename: 2026-10-08-integration-vendor-details.md
    v: 0.0.0
core:packages:
  - id: npm:@c15t/tanstack-start
    updated: true
  - changelogIds:
      - 2026-10-08-integration-vendor-details.md
    id: npm:@c15t/integrations
    updated: true
  - id: npm:@c15t/dev-tools
    updated: true
  - id: npm:@c15t/backend
    updated: true
  - id: npm:@c15t/astro
    updated: true
  - id: npm:@c15t/ui
    updated: true
  - id: npm:@c15t/browser
    updated: true
  - id: npm:@c15t/iab
    updated: true
  - id: npm:@c15t/vue
    updated: true
  - id: npm:@c15t/logger
    updated: false
  - id: npm:c15t
    updated: true
  - id: npm:@c15t/nextjs
    updated: true
  - id: npm:@c15t/schema
    updated: false
  - id: npm:@c15t/react
    updated: true
  - id: npm:@c15t/cli
    updated: true
  - changelogIds:
      - 2026-10-08-integration-vendor-details.md
    id: npm:@c15t/core
    updated: true
  - id: npm:@c15t/translations
    updated: false
  - id: npm:@c15t/scripts
    updated: true
  - id: npm:@c15t/svelte
    updated: true
  - id: npm:@c15t/node-sdk
    updated: false
npm:packages:
  - distTag: alpha
    id: npm:@c15t/tanstack-start
  - distTag: alpha
    id: npm:@c15t/dev-tools
  - distTag: alpha
    id: npm:@c15t/backend
  - distTag: alpha
    id: npm:@c15t/iab
  - distTag: alpha
    id: npm:c15t
  - distTag: alpha
    id: npm:@c15t/nextjs
  - distTag: alpha
    id: npm:@c15t/react
  - distTag: alpha
    id: npm:@c15t/cli
  - distTag: alpha
    id: npm:@c15t/core
  - distTag: alpha
    id: npm:@c15t/translations
  - distTag: alpha
    id: npm:@c15t/node-sdk
  - distTag: alpha
    id: npm:@c15t/integrations
  - distTag: alpha
    id: npm:@c15t/astro
  - distTag: alpha
    id: npm:@c15t/ui
  - distTag: alpha
    id: npm:@c15t/browser
  - distTag: alpha
    id: npm:@c15t/vue
  - distTag: alpha
    id: npm:@c15t/logger
  - distTag: alpha
    id: npm:@c15t/schema
  - distTag: alpha
    id: npm:@c15t/scripts
  - distTag: alpha
    id: npm:@c15t/svelte
