c15t:release:
  - branch: v3
    id: npm:@c15t/dev-tools
    version: 3.0.0-alpha.2
  - branch: v3
    id: npm:@c15t/cli
    version: 3.0.0-alpha.2
  - branch: v3
    id: npm:@c15t/tanstack-start
    version: 3.0.0-alpha.2
  - branch: v3
    id: npm:@c15t/core
    version: 3.0.0-alpha.2
  - branch: v3
    id: npm:c15t
    version: 3.0.0-alpha.2
  - branch: v3
    id: npm:@c15t/translations
    version: 3.0.0-alpha.2
  - branch: v3
    id: npm:@c15t/nextjs
    version: 3.0.0-alpha.2
  - branch: v3
    id: npm:@c15t/schema
    version: 3.0.0-alpha.1
  - branch: v3
    id: npm:@c15t/scripts
    version: 3.0.0-alpha.1
  - branch: v3
    id: npm:@c15t/svelte
    version: 3.0.0-alpha.2
  - branch: v3
    id: npm:@c15t/node-sdk
    version: 3.0.0-alpha.2
  - branch: v3
    id: npm:@c15t/astro
    version: 3.0.0-alpha.2
  - branch: v3
    id: npm:@c15t/ui
    version: 3.0.0-alpha.2
  - branch: v3
    id: npm:@c15t/browser
    version: 3.0.0-alpha.2
  - branch: v3
    id: npm:@c15t/iab
    version: 3.0.0-alpha.2
  - branch: v3
    id: npm:@c15t/vue
    version: 3.0.0-alpha.2
  - branch: v3
    id: npm:@c15t/logger
    version: 3.0.0-alpha.1
  - branch: v3
    id: npm:@c15t/backend
    version: 3.0.0-alpha.2
  - branch: v3
    id: npm:@c15t/react
    version: 3.0.0-alpha.2
core:changelogs:
  - content: "---\npackages:\n  \"@c15t/astro\":\n    type: patch\n  \"@c15t/backend\":\n    type: patch\n  \"@c15t/browser\":\n    type: patch\n  \"@c15t/cli\":\n    type: patch\n  \"@c15t/core\":\n    type: patch\n  \"@c15t/dev-tools\":\n    type: patch\n  \"@c15t/iab\":\n    type: patch\n  \"@c15t/logger\":\n    type: patch\n  \"@c15t/nextjs\":\n    type: patch\n  \"@c15t/node-sdk\":\n    type: patch\n  \"@c15t/react\":\n    type: patch\n  \"@c15t/schema\":\n    type: patch\n  \"@c15t/scripts\":\n    type: patch\n  \"@c15t/tanstack-start\":\n    type: patch\n  \"@c15t/translations\":\n    type: patch\n  \"@c15t/ui\":\n    type: patch\n---\n\n### Fix declaration imports for Node16 and NodeNext\n\nFix declaration imports for TypeScript consumers using Node16 or NodeNext resolution. Preserve explicit JavaScript filenames so exported APIs retain their types without requiring `skipLibCheck`.\n"
    filename: slow-beans-retire.md
    v: 0.0.0
  - content: "---\npackages:\n  c15t:\n    type: minor\n  \"@c15t/core\":\n    type: minor\n  \"@c15t/schema\":\n    type: minor\n  \"@c15t/scripts\":\n    type: minor\n  \"@c15t/dev-tools\":\n    type: minor\n  \"@c15t/backend\":\n    type: minor\n  \"@c15t/react\":\n    type: minor\n  \"@c15t/nextjs\":\n    type: minor\n  \"@c15t/tanstack-start\":\n    type: minor\n  \"@c15t/ui\":\n    type: minor\n  \"@c15t/translations\":\n    type: minor\n  \"@c15t/vue\":\n    type: minor\n  \"@c15t/svelte\":\n    type: minor\n---\n\n### Granular consent\n\nGrant a category and still turn one vendor off, outside IAB TCF. Declare vendors with the `vendors` option or the backend manifest, then name them with `vendor` on scripts and network rules and `data-vendor` on iframes. A target loads when its category passes and its vendor is not off; `alwaysLoad` scripts see the result in their callbacks.\n\nThe preference centers in React, Next.js, TanStack Start, Vue, Nuxt and Svelte list each category's vendors with a switch per vendor. Switches edit the draft and record on Save, disable while the category is off, and clear on Accept all and Reject all. React adds `useVendorDraft`, `useVendorAllowed`, `useDeclaredVendors` and `useVendorChoice`; `useConsentDraft` gains `vendors` and `setVendor`; the Svelte manager state gains `selectedVendors` and `setSelectedVendor`.\n\nDenials persist in a `<storageKey>-vendors` cookie and localStorage entry and reach the backend as `vendorChoice`. Migration `4-vendor-choice` adds the column, so run the migrator before deploying. A denial has no expiry and does not delete cookies the vendor already set.\n\nAlso fixed: the Vue preference center rendered its switches and category rows unstyled in Nuxt, and the Vue and Svelte category description colour differed from React's.\n"
    filename: 2026-09-18-granular-consent.md
    v: 0.0.0
  - content: "---\npackages:\n  \"@c15t/schema\":\n    type: minor\n  \"@c15t/core\":\n    type: minor\n  \"@c15t/backend\":\n    type: minor\n  \"@c15t/nextjs\":\n    type: minor\n  \"@c15t/tanstack-start\":\n    type: minor\n  \"@c15t/svelte\":\n    type: minor\n  \"@c15t/vue\":\n    type: minor\n  \"@c15t/astro\":\n    type: minor\n---\n\n### Session reports from manifest mode\n\nA host that resolves init from a cached manifest never calls `/init`, so the backend could not count the visitors it served. Every server-side resolution now sends `POST /sessions` to the backend after the fact, server-to-server and detached from the response: the Next.js, TanStack Start, SvelteKit, Nuxt and Astro init routes, and the Next.js, TanStack Start and Astro render-time prefetches. The report carries the manifest revision, the matched policy, the jurisdiction, country, region, language and GPC signal. The visitor's user agent travels as `User-Agent` and the visitor's single client address on a dedicated `X-C15T-Client-IP` header, which the backend masks and records under its `ipAddress` settings; the forwarding chain itself is not sent, and neither are cookies. The browser makes no request.\n\n`@c15t/backend` adds the `POST /sessions` route and a `sessions.onReport` option. Reports are written to the request's wide event and handed to the sink; nothing is stored. The backend's own `/init` emits the same event, so one sink sees hosted and manifest traffic alike.\n\nReports are handed to the same `onBackgroundRevalidate` hook as a background manifest refresh, so a host that already passes `after` or a platform `waitUntil` needs no change. `resolveConsent` in `@c15t/nextjs/server` gains `waitUntil` for the App Router. Set `reportSessions: false` on any adapter to send none. `createManifestTransport` in `@c15t/core` gains a `report` option; `@c15t/schema` adds `consentSessionReportSchema` and `buildConsentSessionReport`.\n"
    filename: 2026-09-24-session-reports.md
    v: 0.0.0
  - content: "---\npackages:\n  c15t:\n    type: minor\n  \"@c15t/react\":\n    type: minor\n  \"@c15t/nextjs\":\n    type: minor\n  \"@c15t/tanstack-start\":\n    type: minor\n  \"@c15t/vue\":\n    type: minor\n  \"@c15t/svelte\":\n    type: minor\n---\n\n### Rename `Frame` to `ConsentGate`\n\n`Frame` is now `ConsentGate` in React, Next.js, TanStack Start and Svelte, and Vue's `ConsentFrame` is now `ConsentGate`. The compound parts follow: `ConsentGate.Root`, `ConsentGate.Title` and `ConsentGate.Button`, with `ConsentGateProps` and `ConsentGateCompoundComponent` types. New subpaths are `c15t/react/consent-gate`, `c15t/react/components/consent-gate` and `@c15t/vue/runtime/components/consent-gate.vue`, and Nuxt auto-registers `<ConsentGate>`.\n\nThe old names, subpaths and Nuxt component remain as deprecated aliases for the same component. Props, behavior, `frame.*` translation keys, `--frame-*` CSS custom properties and `data-testid=\"frame-placeholder\"` are unchanged.\n"
    filename: 2026-09-24-consent-gate.md
    v: 0.0.0
  - content: "---\npackages:\n  \"@c15t/react\":\n    type: patch\n  \"@c15t/astro\":\n    type: patch\n  \"@c15t/nextjs\":\n    type: patch\n  \"@c15t/tanstack-start\":\n    type: patch\n  c15t:\n    type: patch\n---\n\n### Remove dialog scheduling delays and preserve IAB actions\n\nRemove first-open scheduling delays from React's aggregate dialog, widget, and compound components while preserving server rendering and hydration. Keep children mounted when an external runtime provides IAB context, so loading the bridge cannot reset local drafts.\n\nRemove the extra Suspense delay from Astro's React IAB dialog island.\n\nQueue external-runtime IAB actions until the runtime publishes its handle, and reject pending saves with AbortError when the borrowing provider unmounts. Correct the React and Next.js peer dependency ranges to require React and React DOM 18 or newer, matching the APIs already used by v3. Upgrade both React packages before using v3 on an older installation.\n"
    filename: seven-emus-cry.md
    v: 0.0.0
  - content: "---\npackages:\n  \"@c15t/core\":\n    type: patch\n  \"@c15t/react\":\n    type: patch\n  \"@c15t/vue\":\n    type: patch\n  \"@c15t/svelte\":\n    type: patch\n  \"@c15t/browser\":\n    type: patch\n---\n\n### Restore category discovery and consent completion\n\nRestore category discovery from scripts, frames, and network rules. Merge discovered categories with `consentCategories` within the policy scope, and use the same set for the dialog and consent completion. Keep the banner dismissed after accepting the displayed categories and reloading. Enable tagged iframe discovery and blocking by default in React, matching the shared runtime.\n"
    filename: chatty-boats-mix.md
    v: 0.0.0
core:packages:
  - changelogIds:
      - slow-beans-retire.md
      - 2026-09-18-granular-consent.md
    id: npm:@c15t/dev-tools
    updated: true
  - changelogIds:
      - slow-beans-retire.md
    id: npm:@c15t/cli
    updated: true
  - changelogIds:
      - slow-beans-retire.md
      - 2026-09-24-session-reports.md
      - 2026-09-24-consent-gate.md
      - 2026-09-18-granular-consent.md
      - seven-emus-cry.md
    id: npm:@c15t/tanstack-start
    updated: true
  - changelogIds:
      - slow-beans-retire.md
      - 2026-09-24-session-reports.md
      - 2026-09-18-granular-consent.md
      - chatty-boats-mix.md
    id: npm:@c15t/core
    updated: true
  - changelogIds:
      - 2026-09-24-consent-gate.md
      - 2026-09-18-granular-consent.md
      - seven-emus-cry.md
    id: npm:c15t
    updated: true
  - changelogIds:
      - slow-beans-retire.md
      - 2026-09-18-granular-consent.md
    id: npm:@c15t/translations
    updated: true
  - changelogIds:
      - slow-beans-retire.md
      - 2026-09-24-session-reports.md
      - 2026-09-24-consent-gate.md
      - 2026-09-18-granular-consent.md
      - seven-emus-cry.md
    id: npm:@c15t/nextjs
    updated: true
  - changelogIds:
      - slow-beans-retire.md
      - 2026-09-24-session-reports.md
      - 2026-09-18-granular-consent.md
    id: npm:@c15t/schema
    updated: true
  - changelogIds:
      - slow-beans-retire.md
      - 2026-09-18-granular-consent.md
    id: npm:@c15t/scripts
    updated: true
  - changelogIds:
      - 2026-09-24-session-reports.md
      - 2026-09-24-consent-gate.md
      - 2026-09-18-granular-consent.md
      - chatty-boats-mix.md
    id: npm:@c15t/svelte
    updated: true
  - changelogIds:
      - slow-beans-retire.md
    id: npm:@c15t/node-sdk
    updated: true
  - changelogIds:
      - slow-beans-retire.md
      - 2026-09-24-session-reports.md
      - seven-emus-cry.md
    id: npm:@c15t/astro
    updated: true
  - changelogIds:
      - slow-beans-retire.md
      - 2026-09-18-granular-consent.md
    id: npm:@c15t/ui
    updated: true
  - changelogIds:
      - slow-beans-retire.md
      - chatty-boats-mix.md
    id: npm:@c15t/browser
    updated: true
  - changelogIds:
      - slow-beans-retire.md
    id: npm:@c15t/iab
    updated: true
  - changelogIds:
      - 2026-09-24-session-reports.md
      - 2026-09-24-consent-gate.md
      - 2026-09-18-granular-consent.md
      - chatty-boats-mix.md
    id: npm:@c15t/vue
    updated: true
  - changelogIds:
      - slow-beans-retire.md
    id: npm:@c15t/logger
    updated: true
  - changelogIds:
      - slow-beans-retire.md
      - 2026-09-24-session-reports.md
      - 2026-09-18-granular-consent.md
    id: npm:@c15t/backend
    updated: true
  - changelogIds:
      - slow-beans-retire.md
      - 2026-09-24-consent-gate.md
      - 2026-09-18-granular-consent.md
      - chatty-boats-mix.md
      - seven-emus-cry.md
    id: npm:@c15t/react
    updated: true
npm:packages:
  - distTag: alpha
    id: npm:@c15t/dev-tools
  - distTag: alpha
    id: npm:@c15t/cli
  - distTag: alpha
    id: npm:@c15t/tanstack-start
  - distTag: alpha
    id: npm:@c15t/core
  - distTag: alpha
    id: npm:c15t
  - distTag: alpha
    id: npm:@c15t/translations
  - distTag: alpha
    id: npm:@c15t/nextjs
  - distTag: alpha
    id: npm:@c15t/node-sdk
  - distTag: alpha
    id: npm:@c15t/iab
  - distTag: alpha
    id: npm:@c15t/backend
  - distTag: alpha
    id: npm:@c15t/react
  - distTag: alpha
    id: npm:@c15t/schema
  - distTag: alpha
    id: npm:@c15t/scripts
  - distTag: alpha
    id: npm:@c15t/svelte
  - distTag: alpha
    id: npm:@c15t/astro
  - distTag: alpha
    id: npm:@c15t/ui
  - distTag: alpha
    id: npm:@c15t/browser
  - distTag: alpha
    id: npm:@c15t/vue
  - distTag: alpha
    id: npm:@c15t/logger
