version: 1
checksums:
  b6d72017cf0e27d742d782ad368fe4c1:
    common/acceptAll: a1cab3c70bbe456bf40aa1db342d05f8
    common/rejectAll: 75dbcc974e4267715641c2a030e08d65
    common/customize: d5df7bb9f0a1fa3cae4dca3542ea9605
    common/save: f2544949a0b9a0769b1816abfeb81c9a
    cookieBanner/title: 03f8b2d914fc7c9f96ed6bdcb0a44a0c
    cookieBanner/description: d8b88b7c7aa64ab514f2b9481fe7e0cf
    consentManagerDialog/title: 8fbefcf9042bf96fda01a09a7208bab2
    consentManagerDialog/description: 7e99208c21cef3d601368e658c8f993d
    consentTypes/necessary/title: b0a53566f6d2cf10e7e203d6fe0f5443
    consentTypes/necessary/description: 233df0f67576a54cbeb97a9a9832b444
    consentTypes/functionality/title: 3f809ed66685e778e381fea183ebb3c4
    consentTypes/functionality/description: 9564b9c1834ff4af9988aa01bc7888df
    consentTypes/marketing/title: fcf0f06f8b64b458c7ca6d95541a3cc8
    consentTypes/marketing/description: 84471340e27169ca16df6a80a18150ef
    consentTypes/measurement/title: ec67586974cc78f25959d47bb36683a7
    consentTypes/measurement/description: cba097cf77f659354bef6dff3fada8d7
    consentTypes/experience/title: c3e0d278cfa1c14e9477e3d5c8c39ce0
    consentTypes/experience/description: ab3fe5aee1c9d05d34cea7589787fdf0
    frame/title: 2a3f95beec45121216ccac3f336775d0
    frame/actionButton: e756aa612a5de07bd3d32f7b9e0cfdde
  731688e6cfff79a716725f7a5d7dd274:
    common/acceptAll: a1cab3c70bbe456bf40aa1db342d05f8
    common/rejectAll: 75dbcc974e4267715641c2a030e08d65
    common/customize: d5df7bb9f0a1fa3cae4dca3542ea9605
    common/save: f2544949a0b9a0769b1816abfeb81c9a
    cookieBanner/title: 03f8b2d914fc7c9f96ed6bdcb0a44a0c
    cookieBanner/description: d8b88b7c7aa64ab514f2b9481fe7e0cf
    consentManagerDialog/title: 8fbefcf9042bf96fda01a09a7208bab2
    consentManagerDialog/description: 7e99208c21cef3d601368e658c8f993d
    consentTypes/necessary/title: b0a53566f6d2cf10e7e203d6fe0f5443
    consentTypes/necessary/description: 233df0f67576a54cbeb97a9a9832b444
    consentTypes/functionality/title: 3f809ed66685e778e381fea183ebb3c4
    consentTypes/functionality/description: 9564b9c1834ff4af9988aa01bc7888df
    consentTypes/marketing/title: fcf0f06f8b64b458c7ca6d95541a3cc8
    consentTypes/marketing/description: 84471340e27169ca16df6a80a18150ef
    consentTypes/measurement/title: ec67586974cc78f25959d47bb36683a7
    consentTypes/measurement/description: cba097cf77f659354bef6dff3fada8d7
    consentTypes/experience/title: c3e0d278cfa1c14e9477e3d5c8c39ce0
    consentTypes/experience/description: ab3fe5aee1c9d05d34cea7589787fdf0
    frame/title: 2a3f95beec45121216ccac3f336775d0
    frame/actionButton: e756aa612a5de07bd3d32f7b9e0cfdde
    legalLinks/privacyPolicy: 7459744a63ef8af4e517a09024bd7c08
    legalLinks/cookiePolicy: 3729dde157adf062b3f07301ae3cd596
    legalLinks/termsOfService: 5add91f519e39025708e54a7eb7a9fc5
    iab/banner/title: 8fbefcf9042bf96fda01a09a7208bab2
    iab/banner/description: 7a540dc04e20d8a227bfcf2edeed91ba
    iab/banner/partnersLink: 30c105cf43186b6f4143df052f325b20
    iab/banner/andMore: f0b17a468a3b041d67cf0ec254fdba9d
    iab/banner/legitimateInterestNotice: 5244d8e8ba449c2345981b8e8c4b5f04
    iab/preferenceCenter/title: 8fbefcf9042bf96fda01a09a7208bab2
    iab/preferenceCenter/description: 7e99208c21cef3d601368e658c8f993d
    iab/preferenceCenter/tabs/purposes: 280aa8d4bf5bab9119a36ea1487f497a
    iab/preferenceCenter/tabs/vendors: 30393d50db2ab40731f6eeb38cbe6e85
    iab/preferenceCenter/purposeItem/partners: 30c105cf43186b6f4143df052f325b20
    iab/preferenceCenter/purposeItem/vendorsUseLegitimateInterest: 08b201623f5b4796f9ffa81337338ad7
    iab/preferenceCenter/purposeItem/examples: 9dacb7c56bc894e4bcad39f41265e3a0
    iab/preferenceCenter/purposeItem/partnersUsingPurpose: 0a0246708bf712f21d2467cdaff06ff8
    iab/preferenceCenter/purposeItem/withYourPermission: 383b362fb4a7f243e5bff129598fb44f
    iab/preferenceCenter/purposeItem/legitimateInterest: 88023f5ba4c4efbcd0a9a9cbbcf7cf48
    iab/preferenceCenter/purposeItem/objectButton: 317ffa9365a5c322e3021224ce2f0369
    iab/preferenceCenter/purposeItem/objected: 0822c39c2f1552255fb22a0ee85d76f4
    iab/preferenceCenter/purposeItem/rightToObject: 09b4ce4d0eebfe0d50bf38000ccff998
    iab/preferenceCenter/specialPurposes/title: 51fa858f6afff320fecc3f5d2081e708
    iab/preferenceCenter/specialPurposes/tooltip: 8f467113f7a5f241471f845345f53432
    iab/preferenceCenter/vendorList/search: d2b51a777e56e2d1c38efdcd1dd4704e
    iab/preferenceCenter/vendorList/showingCount: 7b73c7ba0ee37a47b5f78391105cbc4e
    iab/preferenceCenter/vendorList/iabVendorsHeading: 84ccb3e13a5ce52989310177dc63f43c
    iab/preferenceCenter/vendorList/iabVendorsNotice: 12d0d3e88c83116a5dca34f0e2e88fb1
    iab/preferenceCenter/vendorList/customVendorsHeading: 5eea1504e86e0cde0b22ec571431235f
    iab/preferenceCenter/vendorList/customVendorsNotice: b700a5a70aa533cecebe414869e886ed
    iab/preferenceCenter/vendorList/purposes: 280aa8d4bf5bab9119a36ea1487f497a
    iab/preferenceCenter/vendorList/specialPurposes: 449b1fbde44ca07cf0ef87b5da3dab28
    iab/preferenceCenter/vendorList/specialFeatures: 697dac751dd57801ad26bf458d0f82dc
    iab/preferenceCenter/vendorList/dataCategories: ae205372c7844b867e1313768a99c672
    iab/preferenceCenter/vendorList/usesCookies: 8a7c841151582779c0587228dbd95050
    iab/preferenceCenter/vendorList/nonCookieAccess: daaa176700e326f4da223c2ed47876f1
    iab/preferenceCenter/vendorList/maxAge: f1873304790c85dd9e708007c7f42fad
    iab/preferenceCenter/vendorList/legitimateInterest: 663575bfedf4ce14d44514112c590b8d
    iab/preferenceCenter/vendorList/privacyPolicy: 7459744a63ef8af4e517a09024bd7c08
    iab/preferenceCenter/vendorList/storageDisclosure: 2ae1db005bfd41ac5ec02b33f0855580
    iab/preferenceCenter/vendorList/requiredNotice: 5fcdffccd0d90891d42be52adabee7f2
    iab/preferenceCenter/footer/consentStorage: 52c193a5d9d57fccca00b2d913c9722b
    iab/common/acceptAll: a1cab3c70bbe456bf40aa1db342d05f8
    iab/common/rejectAll: 75dbcc974e4267715641c2a030e08d65
    iab/common/customize: d5df7bb9f0a1fa3cae4dca3542ea9605
    iab/common/saveSettings: f2544949a0b9a0769b1816abfeb81c9a
    iab/common/loading: 82b4ea7ed1439094d7c4be13aaba9a66
    iab/common/showingSelectedVendor: 47485d98e41a384657409b37b9528d87
    iab/common/clearSelection: d4c069de3111b7a5df96f3703f199f2f
    iab/common/customPartner: af66cd002964c7fd915b1f79e1c73a2a
