// !$*UTF8*$!
{
	archiveVersion = 1;
	classes = {
	};
	objectVersion = 46;
	objects = {

/* Begin PBXBuildFile section */
		0B8E75C55777139A1E7F9180 /* C15tReactNative.h in Headers */ = {isa = PBXBuildFile; fileRef = 02657EDE7566EC0C9C28820D /* C15tReactNative.h */; settings = {ATTRIBUTES = (Public, ); }; };
		19CD654373BA0D71F6809620 /* C15tTrackingGate.swift in Sources */ = {isa = PBXBuildFile; fileRef = 0AD6639F33B56E4576000103 /* C15tTrackingGate.swift */; };
		1A8368B2EEF6EA6590F2478F /* Foundation.framework in Frameworks */ = {isa = PBXBuildFile; fileRef = 7DE04AE370EA0EBC1C3C380B /* Foundation.framework */; };
		1BB46FB9FCD909A39BBDA14B /* C15tBootstrap.swift in Sources */ = {isa = PBXBuildFile; fileRef = 56B42FB6BF9791EA4303AB09 /* C15tBootstrap.swift */; };
		35750351FE89BAF3F1EB5C27 /* C15tModuleHandler.swift in Sources */ = {isa = PBXBuildFile; fileRef = B0BDE2D0586BDC9577A54A36 /* C15tModuleHandler.swift */; };
		5BB15341AD503F9B6A506D74 /* C15tReachability.swift in Sources */ = {isa = PBXBuildFile; fileRef = F0A938BF0945641031AB1418 /* C15tReachability.swift */; };
		63D2DB992ED3DCE8F5CD6C61 /* C15tForegroundObserver.swift in Sources */ = {isa = PBXBuildFile; fileRef = F5E0C4AFC6659E99F8B74971 /* C15tForegroundObserver.swift */; };
		64D412E185D080A4F054BA83 /* C15tTrackingWaiters.swift in Sources */ = {isa = PBXBuildFile; fileRef = 5E2D72B550AF98CA914C880D /* C15tTrackingWaiters.swift */; };
		7981FD20D8A9EF12352DE9E2 /* C15tReachabilityGate.swift in Sources */ = {isa = PBXBuildFile; fileRef = 465A14C2FF01F28B7668BC18 /* C15tReachabilityGate.swift */; };
		8A24547931CB7026C9B9AAF3 /* C15tPayload.swift in Sources */ = {isa = PBXBuildFile; fileRef = 66424A16F6E0E887FBD64064 /* C15tPayload.swift */; };
		DF2F01BF0A21D89840BFFC9A /* C15tTracking.swift in Sources */ = {isa = PBXBuildFile; fileRef = E4AACD5A07E3BA56AB4A4AA7 /* C15tTracking.swift */; };
		E3538833DD7FDC45EF89EEDE /* Privacy.xcprivacy in Resources */ = {isa = PBXBuildFile; fileRef = 08621522B93E3C069865D1A6 /* Privacy.xcprivacy */; };
		F2818F96AA986AA1E1F48638 /* C15tChangePump.swift in Sources */ = {isa = PBXBuildFile; fileRef = FD852D8DE2D6C302D75FE2D2 /* C15tChangePump.swift */; };
/* End PBXBuildFile section */

/* Begin PBXFileReference section */
		02657EDE7566EC0C9C28820D /* C15tReactNative.h */ = {isa = PBXFileReference; includeInIndex = 1; lastKnownFileType = sourcecode.c.h; name = C15tReactNative.h; path = C15tReactNative/C15tReactNative.h; sourceTree = "<group>"; };
		08621522B93E3C069865D1A6 /* Privacy.xcprivacy */ = {isa = PBXFileReference; includeInIndex = 1; name = Privacy.xcprivacy; path = C15tReactNative/Resources/Privacy.xcprivacy; sourceTree = "<group>"; };
		0AD6639F33B56E4576000103 /* C15tTrackingGate.swift */ = {isa = PBXFileReference; includeInIndex = 1; lastKnownFileType = sourcecode.swift; name = C15tTrackingGate.swift; path = C15tReactNative/Bridge/C15tTrackingGate.swift; sourceTree = "<group>"; };
		34013A5A51F3B2F8A0DB8C9A /* C15tReactNative.framework */ = {isa = PBXFileReference; explicitFileType = wrapper.framework; includeInIndex = 0; path = C15tReactNative.framework; sourceTree = BUILT_PRODUCTS_DIR; };
		465A14C2FF01F28B7668BC18 /* C15tReachabilityGate.swift */ = {isa = PBXFileReference; includeInIndex = 1; lastKnownFileType = sourcecode.swift; name = C15tReachabilityGate.swift; path = C15tReactNative/Bridge/C15tReachabilityGate.swift; sourceTree = "<group>"; };
		56B42FB6BF9791EA4303AB09 /* C15tBootstrap.swift */ = {isa = PBXFileReference; includeInIndex = 1; lastKnownFileType = sourcecode.swift; name = C15tBootstrap.swift; path = C15tReactNative/Bridge/C15tBootstrap.swift; sourceTree = "<group>"; };
		5E2D72B550AF98CA914C880D /* C15tTrackingWaiters.swift */ = {isa = PBXFileReference; includeInIndex = 1; lastKnownFileType = sourcecode.swift; name = C15tTrackingWaiters.swift; path = C15tReactNative/Bridge/C15tTrackingWaiters.swift; sourceTree = "<group>"; };
		66424A16F6E0E887FBD64064 /* C15tPayload.swift */ = {isa = PBXFileReference; includeInIndex = 1; lastKnownFileType = sourcecode.swift; name = C15tPayload.swift; path = C15tReactNative/Bridge/C15tPayload.swift; sourceTree = "<group>"; };
		7DE04AE370EA0EBC1C3C380B /* Foundation.framework */ = {isa = PBXFileReference; lastKnownFileType = wrapper.framework; name = Foundation.framework; path = Platforms/iPhoneOS.platform/Developer/SDKs/iPhoneOS26.0.sdk/System/Library/Frameworks/Foundation.framework; sourceTree = DEVELOPER_DIR; };
		B0BDE2D0586BDC9577A54A36 /* C15tModuleHandler.swift */ = {isa = PBXFileReference; includeInIndex = 1; lastKnownFileType = sourcecode.swift; name = C15tModuleHandler.swift; path = C15tReactNative/Bridge/C15tModuleHandler.swift; sourceTree = "<group>"; };
		E4AACD5A07E3BA56AB4A4AA7 /* C15tTracking.swift */ = {isa = PBXFileReference; includeInIndex = 1; lastKnownFileType = sourcecode.swift; name = C15tTracking.swift; path = C15tReactNative/Bridge/C15tTracking.swift; sourceTree = "<group>"; };
		F0A938BF0945641031AB1418 /* C15tReachability.swift */ = {isa = PBXFileReference; includeInIndex = 1; lastKnownFileType = sourcecode.swift; name = C15tReachability.swift; path = C15tReactNative/Bridge/C15tReachability.swift; sourceTree = "<group>"; };
		F5E0C4AFC6659E99F8B74971 /* C15tForegroundObserver.swift */ = {isa = PBXFileReference; includeInIndex = 1; lastKnownFileType = sourcecode.swift; name = C15tForegroundObserver.swift; path = C15tReactNative/Bridge/C15tForegroundObserver.swift; sourceTree = "<group>"; };
		FD852D8DE2D6C302D75FE2D2 /* C15tChangePump.swift */ = {isa = PBXFileReference; includeInIndex = 1; lastKnownFileType = sourcecode.swift; name = C15tChangePump.swift; path = C15tReactNative/Bridge/C15tChangePump.swift; sourceTree = "<group>"; };
/* End PBXFileReference section */

/* Begin PBXFrameworksBuildPhase section */
		0847BD9EE28F7149782C3D12 /* Frameworks */ = {
			isa = PBXFrameworksBuildPhase;
			buildActionMask = 2147483647;
			files = (
				1A8368B2EEF6EA6590F2478F /* Foundation.framework in Frameworks */,
			);
			runOnlyForDeploymentPostprocessing = 0;
		};
/* End PBXFrameworksBuildPhase section */

/* Begin PBXGroup section */
		01E9D87D3AE81871AA7CC39A /* Resources */ = {
			isa = PBXGroup;
			children = (
				08621522B93E3C069865D1A6 /* Privacy.xcprivacy */,
			);
			name = Resources;
			sourceTree = "<group>";
		};
		06B42CE5181AAA7FAA5C2163 = {
			isa = PBXGroup;
			children = (
				AC5B59478422C060A46A83AA /* Products */,
				86A158E2E7C417DA7AE2D2E6 /* Frameworks */,
				4C388E7B0A0BD8C824C2B98E /* Bridge */,
				01E9D87D3AE81871AA7CC39A /* Resources */,
				5F9724FD5F7FDC600E326DB1 /* SupportingFiles */,
			);
			sourceTree = "<group>";
		};
		4817FA119C76DB0A9F90593E /* iOS */ = {
			isa = PBXGroup;
			children = (
				7DE04AE370EA0EBC1C3C380B /* Foundation.framework */,
			);
			name = iOS;
			sourceTree = "<group>";
		};
		4C388E7B0A0BD8C824C2B98E /* Bridge */ = {
			isa = PBXGroup;
			children = (
				56B42FB6BF9791EA4303AB09 /* C15tBootstrap.swift */,
				FD852D8DE2D6C302D75FE2D2 /* C15tChangePump.swift */,
				F5E0C4AFC6659E99F8B74971 /* C15tForegroundObserver.swift */,
				B0BDE2D0586BDC9577A54A36 /* C15tModuleHandler.swift */,
				66424A16F6E0E887FBD64064 /* C15tPayload.swift */,
				F0A938BF0945641031AB1418 /* C15tReachability.swift */,
				465A14C2FF01F28B7668BC18 /* C15tReachabilityGate.swift */,
				E4AACD5A07E3BA56AB4A4AA7 /* C15tTracking.swift */,
				0AD6639F33B56E4576000103 /* C15tTrackingGate.swift */,
				5E2D72B550AF98CA914C880D /* C15tTrackingWaiters.swift */,
			);
			name = Bridge;
			sourceTree = "<group>";
		};
		5F9724FD5F7FDC600E326DB1 /* SupportingFiles */ = {
			isa = PBXGroup;
			children = (
				02657EDE7566EC0C9C28820D /* C15tReactNative.h */,
			);
			name = SupportingFiles;
			sourceTree = "<group>";
		};
		86A158E2E7C417DA7AE2D2E6 /* Frameworks */ = {
			isa = PBXGroup;
			children = (
				4817FA119C76DB0A9F90593E /* iOS */,
			);
			name = Frameworks;
			sourceTree = "<group>";
		};
		AC5B59478422C060A46A83AA /* Products */ = {
			isa = PBXGroup;
			children = (
				34013A5A51F3B2F8A0DB8C9A /* C15tReactNative.framework */,
			);
			name = Products;
			sourceTree = "<group>";
		};
/* End PBXGroup section */

/* Begin PBXHeadersBuildPhase section */
		585E10FAA5D6F72EA2249A51 /* Headers */ = {
			isa = PBXHeadersBuildPhase;
			buildActionMask = 2147483647;
			files = (
				0B8E75C55777139A1E7F9180 /* C15tReactNative.h in Headers */,
			);
			runOnlyForDeploymentPostprocessing = 0;
		};
/* End PBXHeadersBuildPhase section */

/* Begin PBXNativeTarget section */
		FEA83A106A839DC838CF8F87 /* C15tReactNative */ = {
			isa = PBXNativeTarget;
			buildConfigurationList = 8FA2A2E7CA5A9E26813075F8 /* Build configuration list for PBXNativeTarget "C15tReactNative" */;
			buildPhases = (
				585E10FAA5D6F72EA2249A51 /* Headers */,
				05AE2196BBCF9286C1643983 /* Sources */,
				0847BD9EE28F7149782C3D12 /* Frameworks */,
				54EB3250E4388DB92D885D2F /* Resources */,
			);
			buildRules = (
			);
			dependencies = (
			);
			name = C15tReactNative;
			packageProductDependencies = (
				746A185CEF3F9CA4204EC581 /* C15tCore */,
			);
			productName = C15tReactNative;
			productReference = 34013A5A51F3B2F8A0DB8C9A /* C15tReactNative.framework */;
			productType = "com.apple.product-type.framework";
		};
/* End PBXNativeTarget section */

/* Begin PBXProject section */
		C7A95B90D76D5919880FCCFF /* Project object */ = {
			isa = PBXProject;
			attributes = {
				LastSwiftUpdateCheck = 1600;
				LastUpgradeCheck = 1600;
			};
			buildConfigurationList = 44707F3BAA4C137D4CEBDE6C /* Build configuration list for PBXProject "C15tReactNative" */;
			compatibilityVersion = "Xcode 3.2";
			developmentRegion = en;
			hasScannedForEncodings = 0;
			knownRegions = (
				en,
				Base,
			);
			mainGroup = 06B42CE5181AAA7FAA5C2163;
			minimizedProjectReferenceProxies = 0;
			packageReferences = (
				F8DF1D036C1E64196F553FA9 /* XCLocalSwiftPackageReference "core-swift" */,
			);
			preferredProjectObjectVersion = 100;
			productRefGroup = AC5B59478422C060A46A83AA /* Products */;
			projectDirPath = "";
			projectRoot = "";
			targets = (
				FEA83A106A839DC838CF8F87 /* C15tReactNative */,
			);
		};
/* End PBXProject section */

/* Begin PBXResourcesBuildPhase section */
		54EB3250E4388DB92D885D2F /* Resources */ = {
			isa = PBXResourcesBuildPhase;
			buildActionMask = 2147483647;
			files = (
				E3538833DD7FDC45EF89EEDE /* Privacy.xcprivacy in Resources */,
			);
			runOnlyForDeploymentPostprocessing = 0;
		};
/* End PBXResourcesBuildPhase section */

/* Begin PBXSourcesBuildPhase section */
		05AE2196BBCF9286C1643983 /* Sources */ = {
			isa = PBXSourcesBuildPhase;
			buildActionMask = 2147483647;
			files = (
				1BB46FB9FCD909A39BBDA14B /* C15tBootstrap.swift in Sources */,
				F2818F96AA986AA1E1F48638 /* C15tChangePump.swift in Sources */,
				63D2DB992ED3DCE8F5CD6C61 /* C15tForegroundObserver.swift in Sources */,
				35750351FE89BAF3F1EB5C27 /* C15tModuleHandler.swift in Sources */,
				8A24547931CB7026C9B9AAF3 /* C15tPayload.swift in Sources */,
				5BB15341AD503F9B6A506D74 /* C15tReachability.swift in Sources */,
				7981FD20D8A9EF12352DE9E2 /* C15tReachabilityGate.swift in Sources */,
				DF2F01BF0A21D89840BFFC9A /* C15tTracking.swift in Sources */,
				19CD654373BA0D71F6809620 /* C15tTrackingGate.swift in Sources */,
				64D412E185D080A4F054BA83 /* C15tTrackingWaiters.swift in Sources */,
			);
			runOnlyForDeploymentPostprocessing = 0;
		};
/* End PBXSourcesBuildPhase section */

/* Begin XCBuildConfiguration section */
		47D64B2F1030EB7259952A62 /* Debug */ = {
			isa = XCBuildConfiguration;
			buildSettings = {
				CLANG_ENABLE_OBJC_WEAK = NO;
				CODE_SIGNING_ALLOWED = NO;
				CODE_SIGNING_REQUIRED = NO;
				CURRENT_PROJECT_VERSION = 1;
				DEFINES_MODULE = YES;
				DYLIB_COMPATIBILITY_VERSION = 1;
				DYLIB_CURRENT_VERSION = 1;
				DYLIB_INSTALL_NAME_BASE = "@rpath";
				ENABLE_BITCODE = NO;
				GENERATE_INFOPLIST_FILE = YES;
				INSTALL_PATH = "$(LOCAL_LIBRARY_DIR)/Frameworks";
				IPHONEOS_DEPLOYMENT_TARGET = 16.4;
				LD_RUNPATH_SEARCH_PATHS = "$(inherited) @executable_path/Frameworks @loader_path/Frameworks";
				OTHER_SWIFT_FLAGS = "$(inherited) -warnings-as-errors";
				PRODUCT_NAME = "$(TARGET_NAME:c99extidentifier)";
				SDKROOT = iphoneos;
				SKIP_INSTALL = YES;
				SWIFT_VERSION = 5.9;
				TARGETED_DEVICE_FAMILY = "1,2";
				VERSIONING_SYSTEM = "apple-generic";
				VERSION_INFO_PREFIX = "";
			};
			name = Debug;
		};
		80661970F020BE92A46616BC /* Release */ = {
			isa = XCBuildConfiguration;
			buildSettings = {
				ALWAYS_SEARCH_USER_PATHS = NO;
				CLANG_ANALYZER_NONNULL = YES;
				CLANG_ANALYZER_NUMBER_OBJECT_CONVERSION = YES_AGGRESSIVE;
				CLANG_CXX_LANGUAGE_STANDARD = "gnu++14";
				CLANG_CXX_LIBRARY = "libc++";
				CLANG_ENABLE_MODULES = YES;
				CLANG_ENABLE_OBJC_ARC = YES;
				CLANG_ENABLE_OBJC_WEAK = YES;
				CLANG_WARN_BLOCK_CAPTURE_AUTORELEASING = YES;
				CLANG_WARN_BOOL_CONVERSION = YES;
				CLANG_WARN_COMMA = YES;
				CLANG_WARN_CONSTANT_CONVERSION = YES;
				CLANG_WARN_DEPRECATED_OBJC_IMPLEMENTATIONS = YES;
				CLANG_WARN_DIRECT_OBJC_ISA_USAGE = YES_ERROR;
				CLANG_WARN_DOCUMENTATION_COMMENTS = YES;
				CLANG_WARN_EMPTY_BODY = YES;
				CLANG_WARN_ENUM_CONVERSION = YES;
				CLANG_WARN_INFINITE_RECURSION = YES;
				CLANG_WARN_INT_CONVERSION = YES;
				CLANG_WARN_NON_LITERAL_NULL_CONVERSION = YES;
				CLANG_WARN_OBJC_IMPLICIT_RETAIN_SELF = YES;
				CLANG_WARN_OBJC_LITERAL_CONVERSION = YES;
				CLANG_WARN_OBJC_ROOT_CLASS = YES_ERROR;
				CLANG_WARN_QUOTED_INCLUDE_IN_FRAMEWORK_HEADER = YES;
				CLANG_WARN_RANGE_LOOP_ANALYSIS = YES;
				CLANG_WARN_STRICT_PROTOTYPES = YES;
				CLANG_WARN_SUSPICIOUS_MOVE = YES;
				CLANG_WARN_UNGUARDED_AVAILABILITY = YES_AGGRESSIVE;
				CLANG_WARN_UNREACHABLE_CODE = YES;
				CLANG_WARN__DUPLICATE_METHOD_MATCH = YES;
				CODE_SIGNING_ALLOWED = NO;
				CODE_SIGNING_REQUIRED = NO;
				COPY_PHASE_STRIP = NO;
				DEBUG_INFORMATION_FORMAT = "dwarf-with-dsym";
				DEFINES_MODULE = YES;
				ENABLE_BITCODE = NO;
				ENABLE_NS_ASSERTIONS = NO;
				ENABLE_STRICT_OBJC_MSGSEND = YES;
				GCC_C_LANGUAGE_STANDARD = gnu11;
				GCC_NO_COMMON_BLOCKS = YES;
				GCC_WARN_64_TO_32_BIT_CONVERSION = YES;
				GCC_WARN_ABOUT_RETURN_TYPE = YES_ERROR;
				GCC_WARN_UNDECLARED_SELECTOR = YES;
				GCC_WARN_UNINITIALIZED_AUTOS = YES_AGGRESSIVE;
				GCC_WARN_UNUSED_FUNCTION = YES;
				GCC_WARN_UNUSED_VARIABLE = YES;
				GENERATE_INFOPLIST_FILE = YES;
				IPHONEOS_DEPLOYMENT_TARGET = 16.4;
				MTL_ENABLE_DEBUG_INFO = NO;
				MTL_FAST_MATH = YES;
				OTHER_SWIFT_FLAGS = "$(inherited) -warnings-as-errors";
				PRODUCT_NAME = "$(TARGET_NAME)";
				SKIP_INSTALL = YES;
				SWIFT_COMPILATION_MODE = wholemodule;
				SWIFT_OPTIMIZATION_LEVEL = "-O";
				SWIFT_VERSION = 5.9;
			};
			name = Release;
		};
		A0310E2EE93649A7D1B8F239 /* Debug */ = {
			isa = XCBuildConfiguration;
			buildSettings = {
				ALWAYS_SEARCH_USER_PATHS = NO;
				CLANG_ANALYZER_NONNULL = YES;
				CLANG_ANALYZER_NUMBER_OBJECT_CONVERSION = YES_AGGRESSIVE;
				CLANG_CXX_LANGUAGE_STANDARD = "gnu++14";
				CLANG_CXX_LIBRARY = "libc++";
				CLANG_ENABLE_MODULES = YES;
				CLANG_ENABLE_OBJC_ARC = YES;
				CLANG_ENABLE_OBJC_WEAK = YES;
				CLANG_WARN_BLOCK_CAPTURE_AUTORELEASING = YES;
				CLANG_WARN_BOOL_CONVERSION = YES;
				CLANG_WARN_COMMA = YES;
				CLANG_WARN_CONSTANT_CONVERSION = YES;
				CLANG_WARN_DEPRECATED_OBJC_IMPLEMENTATIONS = YES;
				CLANG_WARN_DIRECT_OBJC_ISA_USAGE = YES_ERROR;
				CLANG_WARN_DOCUMENTATION_COMMENTS = YES;
				CLANG_WARN_EMPTY_BODY = YES;
				CLANG_WARN_ENUM_CONVERSION = YES;
				CLANG_WARN_INFINITE_RECURSION = YES;
				CLANG_WARN_INT_CONVERSION = YES;
				CLANG_WARN_NON_LITERAL_NULL_CONVERSION = YES;
				CLANG_WARN_OBJC_IMPLICIT_RETAIN_SELF = YES;
				CLANG_WARN_OBJC_LITERAL_CONVERSION = YES;
				CLANG_WARN_OBJC_ROOT_CLASS = YES_ERROR;
				CLANG_WARN_QUOTED_INCLUDE_IN_FRAMEWORK_HEADER = YES;
				CLANG_WARN_RANGE_LOOP_ANALYSIS = YES;
				CLANG_WARN_STRICT_PROTOTYPES = YES;
				CLANG_WARN_SUSPICIOUS_MOVE = YES;
				CLANG_WARN_UNGUARDED_AVAILABILITY = YES_AGGRESSIVE;
				CLANG_WARN_UNREACHABLE_CODE = YES;
				CLANG_WARN__DUPLICATE_METHOD_MATCH = YES;
				CODE_SIGNING_ALLOWED = NO;
				CODE_SIGNING_REQUIRED = NO;
				COPY_PHASE_STRIP = NO;
				DEBUG_INFORMATION_FORMAT = dwarf;
				DEFINES_MODULE = YES;
				ENABLE_BITCODE = NO;
				ENABLE_STRICT_OBJC_MSGSEND = YES;
				ENABLE_TESTABILITY = YES;
				GCC_C_LANGUAGE_STANDARD = gnu11;
				GCC_DYNAMIC_NO_PIC = NO;
				GCC_NO_COMMON_BLOCKS = YES;
				GCC_OPTIMIZATION_LEVEL = 0;
				GCC_PREPROCESSOR_DEFINITIONS = (
					"DEBUG=1",
					"$(inherited)",
				);
				GCC_WARN_64_TO_32_BIT_CONVERSION = YES;
				GCC_WARN_ABOUT_RETURN_TYPE = YES_ERROR;
				GCC_WARN_UNDECLARED_SELECTOR = YES;
				GCC_WARN_UNINITIALIZED_AUTOS = YES_AGGRESSIVE;
				GCC_WARN_UNUSED_FUNCTION = YES;
				GCC_WARN_UNUSED_VARIABLE = YES;
				GENERATE_INFOPLIST_FILE = YES;
				IPHONEOS_DEPLOYMENT_TARGET = 16.4;
				MTL_ENABLE_DEBUG_INFO = INCLUDE_SOURCE;
				MTL_FAST_MATH = YES;
				ONLY_ACTIVE_ARCH = YES;
				OTHER_SWIFT_FLAGS = "$(inherited) -warnings-as-errors";
				PRODUCT_NAME = "$(TARGET_NAME)";
				SKIP_INSTALL = YES;
				SWIFT_ACTIVE_COMPILATION_CONDITIONS = DEBUG;
				SWIFT_OPTIMIZATION_LEVEL = "-Onone";
				SWIFT_VERSION = 5.9;
			};
			name = Debug;
		};
		F5F241ACB5B9BB2B6D175E57 /* Release */ = {
			isa = XCBuildConfiguration;
			buildSettings = {
				CLANG_ENABLE_OBJC_WEAK = NO;
				CODE_SIGNING_ALLOWED = NO;
				CODE_SIGNING_REQUIRED = NO;
				CURRENT_PROJECT_VERSION = 1;
				DEFINES_MODULE = YES;
				DYLIB_COMPATIBILITY_VERSION = 1;
				DYLIB_CURRENT_VERSION = 1;
				DYLIB_INSTALL_NAME_BASE = "@rpath";
				ENABLE_BITCODE = NO;
				GENERATE_INFOPLIST_FILE = YES;
				INSTALL_PATH = "$(LOCAL_LIBRARY_DIR)/Frameworks";
				IPHONEOS_DEPLOYMENT_TARGET = 16.4;
				LD_RUNPATH_SEARCH_PATHS = "$(inherited) @executable_path/Frameworks @loader_path/Frameworks";
				OTHER_SWIFT_FLAGS = "$(inherited) -warnings-as-errors";
				PRODUCT_NAME = "$(TARGET_NAME:c99extidentifier)";
				SDKROOT = iphoneos;
				SKIP_INSTALL = YES;
				SWIFT_VERSION = 5.9;
				TARGETED_DEVICE_FAMILY = "1,2";
				VALIDATE_PRODUCT = YES;
				VERSIONING_SYSTEM = "apple-generic";
				VERSION_INFO_PREFIX = "";
			};
			name = Release;
		};
/* End XCBuildConfiguration section */

/* Begin XCConfigurationList section */
		44707F3BAA4C137D4CEBDE6C /* Build configuration list for PBXProject "C15tReactNative" */ = {
			isa = XCConfigurationList;
			buildConfigurations = (
				A0310E2EE93649A7D1B8F239 /* Debug */,
				80661970F020BE92A46616BC /* Release */,
			);
			defaultConfigurationIsVisible = 0;
			defaultConfigurationName = Release;
		};
		8FA2A2E7CA5A9E26813075F8 /* Build configuration list for PBXNativeTarget "C15tReactNative" */ = {
			isa = XCConfigurationList;
			buildConfigurations = (
				F5F241ACB5B9BB2B6D175E57 /* Release */,
				47D64B2F1030EB7259952A62 /* Debug */,
			);
			defaultConfigurationIsVisible = 0;
			defaultConfigurationName = Release;
		};
/* End XCConfigurationList section */

/* Begin XCLocalSwiftPackageReference section */
		F8DF1D036C1E64196F553FA9 /* XCLocalSwiftPackageReference "core-swift" */ = {
			isa = XCLocalSwiftPackageReference;
			relativePath = "../../../native/core-swift";
		};
/* End XCLocalSwiftPackageReference section */

/* Begin XCSwiftPackageProductDependency section */
		746A185CEF3F9CA4204EC581 /* C15tCore */ = {
			isa = XCSwiftPackageProductDependency;
			package = F8DF1D036C1E64196F553FA9 /* XCLocalSwiftPackageReference "core-swift" */;
			productName = C15tCore;
		};
/* End XCSwiftPackageProductDependency section */
	};
	rootObject = C7A95B90D76D5919880FCCFF /* Project object */;
}
